
Microsoft Visual Studio Solution File, Format Version 12.00
# Visual Studio 15
VisualStudioVersion = 15.0.28307.136
MinimumVisualStudioVersion = 10.0.40219.1
Project("{FAE04EC0-301F-11D3-BF4B-00C04F79EFBC}") = "MachUp", "MachUp\MachUp.csproj", "{74469069-188D-4650-8236-1E19911E7894}"
EndProject
Project("{FAE04EC0-301F-11D3-BF4B-00C04F79EFBC}") = "DTObjects", "DTObjects\DTObjects.csproj", "{43ED9648-A95A-427B-A801-8225BEFE4AF4}"
EndProject
Project("{FAE04EC0-301F-11D3-BF4B-00C04F79EFBC}") = "PlantDomain", "PlantDomain\PlantDomain.csproj", "{20226A66-1A4B-48FE-8234-31006FAC86C1}"
EndProject
Project("{FAE04EC0-301F-11D3-BF4B-00C04F79EFBC}") = "PlantDAL", "PlantDAL\PlantDAL.csproj", "{0BDC027A-8653-4528-9538-4ECA86A68CBF}"
EndProject
Project("{FAE04EC0-301F-11D3-BF4B-00C04F79EFBC}") = "PlantRepository", "PlantRepository\PlantRepository.csproj", "{6EE9A8C1-7A4A-43C3-A78A-B5F185B43F12}"
EndProject
Project("{FAE04EC0-301F-11D3-BF4B-00C04F79EFBC}") = "PlantMVCAdmin", "PlantMVCAdmin\PlantMVCAdmin.csproj", "{C072BB22-E83C-4A82-BC35-FCA4B966D458}"
EndProject
Project("{FAE04EC0-301F-11D3-BF4B-00C04F79EFBC}") = "MVCServiceClient", "MVCServiceClient\MVCServiceClient.csproj", "{82D6CC5C-F1F2-4DA9-B677-AB3E7A881569}"
	ProjectSection(ProjectDependencies) = postProject
		{74469069-188D-4650-8236-1E19911E7894} = {74469069-188D-4650-8236-1E19911E7894}
	EndProjectSection
EndProject
Project("{FAE04EC0-301F-11D3-BF4B-00C04F79EFBC}") = "PlantRestApi", "PlantRestApi\PlantRestApi.csproj", "{0C5F9BB9-437F-4555-B404-0DD3F069BB8F}"
EndProject
Global
	GlobalSection(SolutionConfigurationPlatforms) = preSolution
		Debug|Any CPU = Debug|Any CPU
		Release|Any CPU = Release|Any CPU
	EndGlobalSection
	GlobalSection(ProjectConfigurationPlatforms) = postSolution
		{74469069-188D-4650-8236-1E19911E7894}.Debug|Any CPU.ActiveCfg = Debug|Any CPU
		{74469069-188D-4650-8236-1E19911E7894}.Debug|Any CPU.Build.0 = Debug|Any CPU
		{74469069-188D-4650-8236-1E19911E7894}.Release|Any CPU.ActiveCfg = Release|Any CPU
		{74469069-188D-4650-8236-1E19911E7894}.Release|Any CPU.Build.0 = Release|Any CPU
		{43ED9648-A95A-427B-A801-8225BEFE4AF4}.Debug|Any CPU.ActiveCfg = Debug|Any CPU
		{43ED9648-A95A-427B-A801-8225BEFE4AF4}.Debug|Any CPU.Build.0 = Debug|Any CPU
		{43ED9648-A95A-427B-A801-8225BEFE4AF4}.Release|Any CPU.ActiveCfg = Release|Any CPU
		{43ED9648-A95A-427B-A801-8225BEFE4AF4}.Release|Any CPU.Build.0 = Release|Any CPU
		{20226A66-1A4B-48FE-8234-31006FAC86C1}.Debug|Any CPU.ActiveCfg = Debug|Any CPU
		{20226A66-1A4B-48FE-8234-31006FAC86C1}.Debug|Any CPU.Build.0 = Debug|Any CPU
		{20226A66-1A4B-48FE-8234-31006FAC86C1}.Release|Any CPU.ActiveCfg = Release|Any CPU
		{20226A66-1A4B-48FE-8234-31006FAC86C1}.Release|Any CPU.Build.0 = Release|Any CPU
		{0BDC027A-8653-4528-9538-4ECA86A68CBF}.Debug|Any CPU.ActiveCfg = Debug|Any CPU
		{0BDC027A-8653-4528-9538-4ECA86A68CBF}.Debug|Any CPU.Build.0 = Debug|Any CPU
		{0BDC027A-8653-4528-9538-4ECA86A68CBF}.Release|Any CPU.ActiveCfg = Release|Any CPU
		{0BDC027A-8653-4528-9538-4ECA86A68CBF}.Release|Any CPU.Build.0 = Release|Any CPU
		{6EE9A8C1-7A4A-43C3-A78A-B5F185B43F12}.Debug|Any CPU.ActiveCfg = Debug|Any CPU
		{6EE9A8C1-7A4A-43C3-A78A-B5F185B43F12}.Debug|Any CPU.Build.0 = Debug|Any CPU
		{6EE9A8C1-7A4A-43C3-A78A-B5F185B43F12}.Release|Any CPU.ActiveCfg = Release|Any CPU
		{6EE9A8C1-7A4A-43C3-A78A-B5F185B43F12}.Release|Any CPU.Build.0 = Release|Any CPU
		{C072BB22-E83C-4A82-BC35-FCA4B966D458}.Debug|Any CPU.ActiveCfg = Debug|Any CPU
		{C072BB22-E83C-4A82-BC35-FCA4B966D458}.Debug|Any CPU.Build.0 = Debug|Any CPU
		{C072BB22-E83C-4A82-BC35-FCA4B966D458}.Release|Any CPU.ActiveCfg = Release|Any CPU
		{C072BB22-E83C-4A82-BC35-FCA4B966D458}.Release|Any CPU.Build.0 = Release|Any CPU
		{82D6CC5C-F1F2-4DA9-B677-AB3E7A881569}.Debug|Any CPU.ActiveCfg = Debug|Any CPU
		{82D6CC5C-F1F2-4DA9-B677-AB3E7A881569}.Debug|Any CPU.Build.0 = Debug|Any CPU
		{82D6CC5C-F1F2-4DA9-B677-AB3E7A881569}.Release|Any CPU.ActiveCfg = Release|Any CPU
		{82D6CC5C-F1F2-4DA9-B677-AB3E7A881569}.Release|Any CPU.Build.0 = Release|Any CPU
		{0C5F9BB9-437F-4555-B404-0DD3F069BB8F}.Debug|Any CPU.ActiveCfg = Debug|Any CPU
		{0C5F9BB9-437F-4555-B404-0DD3F069BB8F}.Debug|Any CPU.Build.0 = Debug|Any CPU
		{0C5F9BB9-437F-4555-B404-0DD3F069BB8F}.Release|Any CPU.ActiveCfg = Release|Any CPU
		{0C5F9BB9-437F-4555-B404-0DD3F069BB8F}.Release|Any CPU.Build.0 = Release|Any CPU
	EndGlobalSection
	GlobalSection(SolutionProperties) = preSolution
		HideSolutionNode = FALSE
	EndGlobalSection
	GlobalSection(ExtensibilityGlobals) = postSolution
		SolutionGuid = {D878B222-DCD2-476E-AE5F-3D93C6871228}
	EndGlobalSection
EndGlobal
